
Microsoft Visual Studio Solution File, Format Version 12.00
# Visual Studio Version 17
VisualStudioVersion = 17.14.36717.8
MinimumVisualStudioVersion = 10.0.40219.1
Project("{FAE04EC0-301F-11D3-BF4B-00C04F79EFBC}") = "Laboratorinis-3", "Laboratorinis-3\Laboratorinis-3.csproj", "{D5BEF204-F248-40E1-97AC-0EE5ECE24928}"
EndProject
Project("{FAE04EC0-301F-11D3-BF4B-00C04F79EFBC}") = "Laboratorinis-3.Tests", "Laboratorinis-3.Tests\Laboratorinis-3.Tests.csproj", "{610A29F1-1E97-4CA0-8E34-C27577373CFA}"
EndProject
Global
	GlobalSection(SolutionConfigurationPlatforms) = preSolution
		Debug|Any CPU = Debug|Any CPU
		Release|Any CPU = Release|Any CPU
	EndGlobalSection
	GlobalSection(ProjectConfigurationPlatforms) = postSolution
		{D5BEF204-F248-40E1-97AC-0EE5ECE24928}.Debug|Any CPU.ActiveCfg = Debug|Any CPU
		{D5BEF204-F248-40E1-97AC-0EE5ECE24928}.Debug|Any CPU.Build.0 = Debug|Any CPU
		{D5BEF204-F248-40E1-97AC-0EE5ECE24928}.Release|Any CPU.ActiveCfg = Release|Any CPU
		{D5BEF204-F248-40E1-97AC-0EE5ECE24928}.Release|Any CPU.Build.0 = Release|Any CPU
		{610A29F1-1E97-4CA0-8E34-C27577373CFA}.Debug|Any CPU.ActiveCfg = Debug|Any CPU
		{610A29F1-1E97-4CA0-8E34-C27577373CFA}.Debug|Any CPU.Build.0 = Debug|Any CPU
		{610A29F1-1E97-4CA0-8E34-C27577373CFA}.Release|Any CPU.ActiveCfg = Release|Any CPU
		{610A29F1-1E97-4CA0-8E34-C27577373CFA}.Release|Any CPU.Build.0 = Release|Any CPU
	EndGlobalSection
	GlobalSection(SolutionProperties) = preSolution
		HideSolutionNode = FALSE
	EndGlobalSection
	GlobalSection(ExtensibilityGlobals) = postSolution
		SolutionGuid = {CAD8A9A9-7BFE-4150-BECF-2DB47D165BA0}
	EndGlobalSection
EndGlobal
